
Microsoft Visual Studio Solution File, Format Version 12.00
# Visual Studio Version 17
VisualStudioVersion = 17.0.31612.314
MinimumVisualStudioVersion = 10.0.40219.1
Project("{FAE04EC0-301F-11D3-BF4B-00C04F79EFBC}") = "WeekOpdrachtEFCore.Core", "WeekOpdrachtEFCore.Core\WeekOpdrachtEFCore.Core.csproj", "{3E76CBDC-8C57-4976-8510-0098F23BAE29}"
EndProject
Project("{FAE04EC0-301F-11D3-BF4B-00C04F79EFBC}") = "WeekOpdrachtEFCore.Data", "WeekOpdrachtEFCore.Data\WeekOpdrachtEFCore.Data.csproj", "{4A0A3621-DBD6-432C-9658-3AA1DD708B97}"
EndProject
Project("{FAE04EC0-301F-11D3-BF4B-00C04F79EFBC}") = "WeekOpdrachtEFCore.Api", "WeekOpdrachtEFCore.Api\WeekOpdrachtEFCore.Api.csproj", "{BA8162AE-C488-4C11-A2A1-0CFA2DECF4FB}"
EndProject
Global
	GlobalSection(SolutionConfigurationPlatforms) = preSolution
		Debug|Any CPU = Debug|Any CPU
		Release|Any CPU = Release|Any CPU
	EndGlobalSection
	GlobalSection(ProjectConfigurationPlatforms) = postSolution
		{3E76CBDC-8C57-4976-8510-0098F23BAE29}.Debug|Any CPU.ActiveCfg = Debug|Any CPU
		{3E76CBDC-8C57-4976-8510-0098F23BAE29}.Debug|Any CPU.Build.0 = Debug|Any CPU
		{3E76CBDC-8C57-4976-8510-0098F23BAE29}.Release|Any CPU.ActiveCfg = Release|Any CPU
		{3E76CBDC-8C57-4976-8510-0098F23BAE29}.Release|Any CPU.Build.0 = Release|Any CPU
		{4A0A3621-DBD6-432C-9658-3AA1DD708B97}.Debug|Any CPU.ActiveCfg = Debug|Any CPU
		{4A0A3621-DBD6-432C-9658-3AA1DD708B97}.Debug|Any CPU.Build.0 = Debug|Any CPU
		{4A0A3621-DBD6-432C-9658-3AA1DD708B97}.Release|Any CPU.ActiveCfg = Release|Any CPU
		{4A0A3621-DBD6-432C-9658-3AA1DD708B97}.Release|Any CPU.Build.0 = Release|Any CPU
		{BA8162AE-C488-4C11-A2A1-0CFA2DECF4FB}.Debug|Any CPU.ActiveCfg = Debug|Any CPU
		{BA8162AE-C488-4C11-A2A1-0CFA2DECF4FB}.Debug|Any CPU.Build.0 = Debug|Any CPU
		{BA8162AE-C488-4C11-A2A1-0CFA2DECF4FB}.Release|Any CPU.ActiveCfg = Release|Any CPU
		{BA8162AE-C488-4C11-A2A1-0CFA2DECF4FB}.Release|Any CPU.Build.0 = Release|Any CPU
	EndGlobalSection
	GlobalSection(SolutionProperties) = preSolution
		HideSolutionNode = FALSE
	EndGlobalSection
	GlobalSection(ExtensibilityGlobals) = postSolution
		SolutionGuid = {D0DEA27A-1B5B-4979-9698-A4B2803B5EB8}
	EndGlobalSection
EndGlobal
